
Microsoft Visual Studio Solution File, Format Version 12.00
# Visual Studio Version 17
VisualStudioVersion = 17.14.36429.23 d17.14
MinimumVisualStudioVersion = 10.0.40219.1
Project("{FAE04EC0-301F-11D3-BF4B-00C04F79EFBC}") = "Lecture7Calc", "Lecture7Calc\Lecture7Calc.csproj", "{4110C1BF-3BC3-43D3-A843-D979E0525CDB}"
EndProject
Global
	GlobalSection(SolutionConfigurationPlatforms) = preSolution
		Debug|Any CPU = Debug|Any CPU
		Release|Any CPU = Release|Any CPU
	EndGlobalSection
	GlobalSection(ProjectConfigurationPlatforms) = postSolution
		{4110C1BF-3BC3-43D3-A843-D979E0525CDB}.Debug|Any CPU.ActiveCfg = Debug|Any CPU
		{4110C1BF-3BC3-43D3-A843-D979E0525CDB}.Debug|Any CPU.Build.0 = Debug|Any CPU
		{4110C1BF-3BC3-43D3-A843-D979E0525CDB}.Release|Any CPU.ActiveCfg = Release|Any CPU
		{4110C1BF-3BC3-43D3-A843-D979E0525CDB}.Release|Any CPU.Build.0 = Release|Any CPU
	EndGlobalSection
	GlobalSection(SolutionProperties) = preSolution
		HideSolutionNode = FALSE
	EndGlobalSection
	GlobalSection(ExtensibilityGlobals) = postSolution
		SolutionGuid = {5B26E8C5-ECF2-4B4C-8ED9-21AE32153242}
	EndGlobalSection
EndGlobal
