
Microsoft Visual Studio Solution File, Format Version 12.00
# Visual Studio Version 17
VisualStudioVersion = 17.14.36429.23 d17.14
MinimumVisualStudioVersion = 10.0.40219.1
Project("{FAE04EC0-301F-11D3-BF4B-00C04F79EFBC}") = "Lecture5", "Lecture5\Lecture5.csproj", "{DAB1CC50-9AB1-4BD2-BD16-5EF7E4BAB507}"
EndProject
Global
	GlobalSection(SolutionConfigurationPlatforms) = preSolution
		Debug|Any CPU = Debug|Any CPU
		Release|Any CPU = Release|Any CPU
	EndGlobalSection
	GlobalSection(ProjectConfigurationPlatforms) = postSolution
		{DAB1CC50-9AB1-4BD2-BD16-5EF7E4BAB507}.Debug|Any CPU.ActiveCfg = Debug|Any CPU
		{DAB1CC50-9AB1-4BD2-BD16-5EF7E4BAB507}.Debug|Any CPU.Build.0 = Debug|Any CPU
		{DAB1CC50-9AB1-4BD2-BD16-5EF7E4BAB507}.Release|Any CPU.ActiveCfg = Release|Any CPU
		{DAB1CC50-9AB1-4BD2-BD16-5EF7E4BAB507}.Release|Any CPU.Build.0 = Release|Any CPU
	EndGlobalSection
	GlobalSection(SolutionProperties) = preSolution
		HideSolutionNode = FALSE
	EndGlobalSection
	GlobalSection(ExtensibilityGlobals) = postSolution
		SolutionGuid = {F4A5EBA1-5ADF-4EBB-BCD2-AB41D862681A}
	EndGlobalSection
EndGlobal
